
Microsoft Visual Studio Solution File, Format Version 12.00
# Visual Studio 15
VisualStudioVersion = 15.0.28307.1259
MinimumVisualStudioVersion = 10.0.40219.1
Project("{8BC9CEB8-8B4A-11D0-8D11-00A0C91BC942}") = "egg_drop", "egg_drop\egg_drop.vcxproj", "{B81C7537-BCAE-444B-82E1-E537967BC711}"
EndProject
Global
	GlobalSection(SolutionConfigurationPlatforms) = preSolution
		Debug|x64 = Debug|x64
		Debug|x86 = Debug|x86
		Release|x64 = Release|x64
		Release|x86 = Release|x86
	EndGlobalSection
	GlobalSection(ProjectConfigurationPlatforms) = postSolution
		{B81C7537-BCAE-444B-82E1-E537967BC711}.Debug|x64.ActiveCfg = Debug|x64
		{B81C7537-BCAE-444B-82E1-E537967BC711}.Debug|x64.Build.0 = Debug|x64
		{B81C7537-BCAE-444B-82E1-E537967BC711}.Debug|x86.ActiveCfg = Debug|Win32
		{B81C7537-BCAE-444B-82E1-E537967BC711}.Debug|x86.Build.0 = Debug|Win32
		{B81C7537-BCAE-444B-82E1-E537967BC711}.Release|x64.ActiveCfg = Release|x64
		{B81C7537-BCAE-444B-82E1-E537967BC711}.Release|x64.Build.0 = Release|x64
		{B81C7537-BCAE-444B-82E1-E537967BC711}.Release|x86.ActiveCfg = Release|Win32
		{B81C7537-BCAE-444B-82E1-E537967BC711}.Release|x86.Build.0 = Release|Win32
	EndGlobalSection
	GlobalSection(SolutionProperties) = preSolution
		HideSolutionNode = FALSE
	EndGlobalSection
	GlobalSection(ExtensibilityGlobals) = postSolution
		SolutionGuid = {2A48688A-B72F-4522-A24A-BF7CFAC5FAE8}
	EndGlobalSection
EndGlobal
